Microsoft Visual Studio Solution File, Format Version 12.00
# Visual Studio Version 17
VisualStudioVersion = 17.5.2.0
MinimumVisualStudioVersion = 10.0.40219.1
Project("{FAE04EC0-301F-11D3-BF4B-00C04F79EFBC}") = "Kodestil_kodestandarer", "Kodestil_kodestandarer.csproj", "{37D4EEE1-0507-B4F6-A677-28126EDA9E38}"
EndProject
Global
	GlobalSection(SolutionConfigurationPlatforms) = preSolution
		Debug|Any CPU = Debug|Any CPU
		Release|Any CPU = Release|Any CPU
	EndGlobalSection
	GlobalSection(ProjectConfigurationPlatforms) = postSolution
		{37D4EEE1-0507-B4F6-A677-28126EDA9E38}.Debug|Any CPU.ActiveCfg = Debug|Any CPU
		{37D4EEE1-0507-B4F6-A677-28126EDA9E38}.Debug|Any CPU.Build.0 = Debug|Any CPU
		{37D4EEE1-0507-B4F6-A677-28126EDA9E38}.Release|Any CPU.ActiveCfg = Release|Any CPU
		{37D4EEE1-0507-B4F6-A677-28126EDA9E38}.Release|Any CPU.Build.0 = Release|Any CPU
	EndGlobalSection
	GlobalSection(SolutionProperties) = preSolution
		HideSolutionNode = FALSE
	EndGlobalSection
	GlobalSection(ExtensibilityGlobals) = postSolution
		SolutionGuid = {9B00E5B4-B834-4BD8-A05A-7084CFA49DD9}
	EndGlobalSection
EndGlobal
